// !$*UTF8*$!
{
	archiveVersion = 1;
	classes = {
	};
	objectVersion = 56;
	objects = {

/* Begin PBXBuildFile section */
		87D3D7E52B9FFF2D008510DB /* AppDelegate.swift in Sources */ = {isa = PBXBuildFile; fileRef = 87D3D7E42B9FFF2D008510DB /* AppDelegate.swift */; };
		87D3D7E72B9FFF2D008510DB /* SceneDelegate.swift in Sources */ = {isa = PBXBuildFile; fileRef = 87D3D7E62B9FFF2D008510DB /* SceneDelegate.swift */; };
		87D3D7E92B9FFF2D008510DB /* ViewController.swift in Sources */ = {isa = PBXBuildFile; fileRef = 87D3D7E82B9FFF2D008510DB /* ViewController.swift */; };
		87D3D7EC2B9FFF2D008510DB /* Base in Resources */ = {isa = PBXBuildFile; fileRef = 87D3D7EB2B9FFF2D008510DB /* Base */; };
		87D3D7EF2B9FFF2D008510DB /* KeyChainDemo.xcdatamodeld in Sources */ = {isa = PBXBuildFile; fileRef = 87D3D7ED2B9FFF2D008510DB /* KeyChainDemo.xcdatamodeld */; };
		87D3D7F12B9FFF2F008510DB /* Assets.xcassets in Resources */ = {isa = PBXBuildFile; fileRef = 87D3D7F02B9FFF2F008510DB /* Assets.xcassets */; };
		87D3D7F42B9FFF2F008510DB /* Base in Resources */ = {isa = PBXBuildFile; fileRef = 87D3D7F32B9FFF2F008510DB /* Base */; };
		87D3D7FF2B9FFF2F008510DB /* KeyChainDemoTests.swift in Sources */ = {isa = PBXBuildFile; fileRef = 87D3D7FE2B9FFF2F008510DB /* KeyChainDemoTests.swift */; };
		87D3D8092B9FFF2F008510DB /* KeyChainDemoUITests.swift in Sources */ = {isa = PBXBuildFile; fileRef = 87D3D8082B9FFF2F008510DB /* KeyChainDemoUITests.swift */; };
		87D3D80B2B9FFF2F008510DB /* KeyChainDemoUITestsLaunchTests.swift in Sources */ = {isa = PBXBuildFile; fileRef = 87D3D80A2B9FFF2F008510DB /* KeyChainDemoUITestsLaunchTests.swift */; };
/* End PBXBuildFile section */

/* Begin PBXContainerItemProxy section */
		87D3D7FB2B9FFF2F008510DB /* PBXContainerItemProxy */ = {
			isa = PBXContainerItemProxy;
			containerPortal = 87D3D7D92B9FFF2D008510DB /* Project object */;
			proxyType = 1;
			remoteGlobalIDString = 87D3D7E02B9FFF2D008510DB;
			remoteInfo = KeyChainDemo;
		};
		87D3D8052B9FFF2F008510DB /* PBXContainerItemProxy */ = {
			isa = PBXContainerItemProxy;
			containerPortal = 87D3D7D92B9FFF2D008510DB /* Project object */;
			proxyType = 1;
			remoteGlobalIDString = 87D3D7E02B9FFF2D008510DB;
			remoteInfo = KeyChainDemo;
		};
/* End PBXContainerItemProxy section */

/* Begin PBXFileReference section */
		87D3D7E12B9FFF2D008510DB /* KeyChainDemo.app */ = {isa = PBXFileReference; explicitFileType = wrapper.application; includeInIndex = 0; path = KeyChainDemo.app; sourceTree = BUILT_PRODUCTS_DIR; };
		87D3D7E42B9FFF2D008510DB /* AppDelegate.swift */ = {isa = PBXFileReference; lastKnownFileType = sourcecode.swift; path = AppDelegate.swift; sourceTree = "<group>"; };
		87D3D7E62B9FFF2D008510DB /* SceneDelegate.swift */ = {isa = PBXFileReference; lastKnownFileType = sourcecode.swift; path = SceneDelegate.swift; sourceTree = "<group>"; };
		87D3D7E82B9FFF2D008510DB /* ViewController.swift */ = {isa = PBXFileReference; lastKnownFileType = sourcecode.swift; path = ViewController.swift; sourceTree = "<group>"; };
		87D3D7EB2B9FFF2D008510DB /* Base */ = {isa = PBXFileReference; lastKnownFileType = file.storyboard; name = Base; path = Base.lproj/Main.storyboard; sourceTree = "<group>"; };
		87D3D7EE2B9FFF2D008510DB /* KeyChainDemo.xcdatamodel */ = {isa = PBXFileReference; lastKnownFileType = wrapper.xcdatamodel; path = KeyChainDemo.xcdatamodel; sourceTree = "<group>"; };
		87D3D7F02B9FFF2F008510DB /* Assets.xcassets */ = {isa = PBXFileReference; lastKnownFileType = folder.assetcatalog; path = Assets.xcassets; sourceTree = "<group>"; };
		87D3D7F32B9FFF2F008510DB /* Base */ = {isa = PBXFileReference; lastKnownFileType = file.storyboard; name = Base; path = Base.lproj/LaunchScreen.storyboard; sourceTree = "<group>"; };
		87D3D7F52B9FFF2F008510DB /* Info.plist */ = {isa = PBXFileReference; lastKnownFileType = text.plist.xml; path = Info.plist; sourceTree = "<group>"; };
		87D3D7FA2B9FFF2F008510DB /* KeyChainDemoTests.xctest */ = {isa = PBXFileReference; explicitFileType = wrapper.cfbundle; includeInIndex = 0; path = KeyChainDemoTests.xctest; sourceTree = BUILT_PRODUCTS_DIR; };
		87D3D7FE2B9FFF2F008510DB /* KeyChainDemoTests.swift */ = {isa = PBXFileReference; lastKnownFileType = sourcecode.swift; path = KeyChainDemoTests.swift; sourceTree = "<group>"; };
		87D3D8042B9FFF2F008510DB /* KeyChainDemoUITests.xctest */ = {isa = PBXFileReference; explicitFileType = wrapper.cfbundle; includeInIndex = 0; path = KeyChainDemoUITests.xctest; sourceTree = BUILT_PRODUCTS_DIR; };
		87D3D8082B9FFF2F008510DB /* KeyChainDemoUITests.swift */ = {isa = PBXFileReference; lastKnownFileType = sourcecode.swift; path = KeyChainDemoUITests.swift; sourceTree = "<group>"; };
		87D3D80A2B9FFF2F008510DB /* KeyChainDemoUITestsLaunchTests.swift */ = {isa = PBXFileReference; lastKnownFileType = sourcecode.swift; path = KeyChainDemoUITestsLaunchTests.swift; sourceTree = "<group>"; };
/* End PBXFileReference section */

/* Begin PBXFrameworksBuildPhase section */
		87D3D7DE2B9FFF2D008510DB /* Frameworks */ = {
			isa = PBXFrameworksBuildPhase;
			buildActionMask = 2147483647;
			files = (
			);
			runOnlyForDeploymentPostprocessing = 0;
		};
		87D3D7F72B9FFF2F008510DB /* Frameworks */ = {
			isa = PBXFrameworksBuildPhase;
			buildActionMask = 2147483647;
			files = (
			);
			runOnlyForDeploymentPostprocessing = 0;
		};
		87D3D8012B9FFF2F008510DB /* Frameworks */ = {
			isa = PBXFrameworksBuildPhase;
			buildActionMask = 2147483647;
			files = (
			);
			runOnlyForDeploymentPostprocessing = 0;
		};
/* End PBXFrameworksBuildPhase section */

/* Begin PBXGroup section */
		87D3D7D82B9FFF2D008510DB = {
			isa = PBXGroup;
			children = (
				87D3D7E32B9FFF2D008510DB /* KeyChainDemo */,
				87D3D7FD2B9FFF2F008510DB /* KeyChainDemoTests */,
				87D3D8072B9FFF2F008510DB /* KeyChainDemoUITests */,
				87D3D7E22B9FFF2D008510DB /* Products */,
			);
			sourceTree = "<group>";
		};
		87D3D7E22B9FFF2D008510DB /* Products */ = {
			isa = PBXGroup;
			children = (
				87D3D7E12B9FFF2D008510DB /* KeyChainDemo.app */,
				87D3D7FA2B9FFF2F008510DB /* KeyChainDemoTests.xctest */,
				87D3D8042B9FFF2F008510DB /* KeyChainDemoUITests.xctest */,
			);
			name = Products;
			sourceTree = "<group>";
		};
		87D3D7E32B9FFF2D008510DB /* KeyChainDemo */ = {
			isa = PBXGroup;
			children = (
				87D3D7E42B9FFF2D008510DB /* AppDelegate.swift */,
				87D3D7E62B9FFF2D008510DB /* SceneDelegate.swift */,
				87D3D7E82B9FFF2D008510DB /* ViewController.swift */,
				87D3D7EA2B9FFF2D008510DB /* Main.storyboard */,
				87D3D7F02B9FFF2F008510DB /* Assets.xcassets */,
				87D3D7F22B9FFF2F008510DB /* LaunchScreen.storyboard */,
				87D3D7F52B9FFF2F008510DB /* Info.plist */,
				87D3D7ED2B9FFF2D008510DB /* KeyChainDemo.xcdatamodeld */,
			);
			path = KeyChainDemo;
			sourceTree = "<group>";
		};
		87D3D7FD2B9FFF2F008510DB /* KeyChainDemoTests */ = {
			isa = PBXGroup;
			children = (
				87D3D7FE2B9FFF2F008510DB /* KeyChainDemoTests.swift */,
			);
			path = KeyChainDemoTests;
			sourceTree = "<group>";
		};
		87D3D8072B9FFF2F008510DB /* KeyChainDemoUITests */ = {
			isa = PBXGroup;
			children = (
				87D3D8082B9FFF2F008510DB /* KeyChainDemoUITests.swift */,
				87D3D80A2B9FFF2F008510DB /* KeyChainDemoUITestsLaunchTests.swift */,
			);
			path = KeyChainDemoUITests;
			sourceTree = "<group>";
		};
/* End PBXGroup section */

/* Begin PBXNativeTarget section */
		87D3D7E02B9FFF2D008510DB /* KeyChainDemo */ = {
			isa = PBXNativeTarget;
			buildConfigurationList = 87D3D80E2B9FFF2F008510DB /* Build configuration list for PBXNativeTarget "KeyChainDemo" */;
			buildPhases = (
				87D3D7DD2B9FFF2D008510DB /* Sources */,
				87D3D7DE2B9FFF2D008510DB /* Frameworks */,
				87D3D7DF2B9FFF2D008510DB /* Resources */,
			);
			buildRules = (
			);
			dependencies = (
			);
			name = KeyChainDemo;
			productName = KeyChainDemo;
			productReference = 87D3D7E12B9FFF2D008510DB /* KeyChainDemo.app */;
			productType = "com.apple.product-type.application";
		};
		87D3D7F92B9FFF2F008510DB /* KeyChainDemoTests */ = {
			isa = PBXNativeTarget;
			buildConfigurationList = 87D3D8112B9FFF2F008510DB /* Build configuration list for PBXNativeTarget "KeyChainDemoTests" */;
			buildPhases = (
				87D3D7F62B9FFF2F008510DB /* Sources */,
				87D3D7F72B9FFF2F008510DB /* Frameworks */,
				87D3D7F82B9FFF2F008510DB /* Resources */,
			);
			buildRules = (
			);
			dependencies = (
				87D3D7FC2B9FFF2F008510DB /* PBXTargetDependency */,
			);
			name = KeyChainDemoTests;
			productName = KeyChainDemoTests;
			productReference = 87D3D7FA2B9FFF2F008510DB /* KeyChainDemoTests.xctest */;
			productType = "com.apple.product-type.bundle.unit-test";
		};
		87D3D8032B9FFF2F008510DB /* KeyChainDemoUITests */ = {
			isa = PBXNativeTarget;
			buildConfigurationList = 87D3D8142B9FFF2F008510DB /* Build configuration list for PBXNativeTarget "KeyChainDemoUITests" */;
			buildPhases = (
				87D3D8002B9FFF2F008510DB /* Sources */,
				87D3D8012B9FFF2F008510DB /* Frameworks */,
				87D3D8022B9FFF2F008510DB /* Resources */,
			);
			buildRules = (
			);
			dependencies = (
				87D3D8062B9FFF2F008510DB /* PBXTargetDependency */,
			);
			name = KeyChainDemoUITests;
			productName = KeyChainDemoUITests;
			productReference = 87D3D8042B9FFF2F008510DB /* KeyChainDemoUITests.xctest */;
			productType = "com.apple.product-type.bundle.ui-testing";
		};
/* End PBXNativeTarget section */

/* Begin PBXProject section */
		87D3D7D92B9FFF2D008510DB /* Project object */ = {
			isa = PBXProject;
			attributes = {
				BuildIndependentTargetsInParallel = 1;
				LastSwiftUpdateCheck = 1530;
				LastUpgradeCheck = 1530;
				TargetAttributes = {
					87D3D7E02B9FFF2D008510DB = {
						CreatedOnToolsVersion = 15.3;
					};
					87D3D7F92B9FFF2F008510DB = {
						CreatedOnToolsVersion = 15.3;
						TestTargetID = 87D3D7E02B9FFF2D008510DB;
					};
					87D3D8032B9FFF2F008510DB = {
						CreatedOnToolsVersion = 15.3;
						TestTargetID = 87D3D7E02B9FFF2D008510DB;
					};
				};
			};
			buildConfigurationList = 87D3D7DC2B9FFF2D008510DB /* Build configuration list for PBXProject "KeyChainDemo" */;
			compatibilityVersion = "Xcode 14.0";
			developmentRegion = en;
			hasScannedForEncodings = 0;
			knownRegions = (
				en,
				Base,
			);
			mainGroup = 87D3D7D82B9FFF2D008510DB;
			productRefGroup = 87D3D7E22B9FFF2D008510DB /* Products */;
			projectDirPath = "";
			projectRoot = "";
			targets = (
				87D3D7E02B9FFF2D008510DB /* KeyChainDemo */,
				87D3D7F92B9FFF2F008510DB /* KeyChainDemoTests */,
				87D3D8032B9FFF2F008510DB /* KeyChainDemoUITests */,
			);
		};
/* End PBXProject section */

/* Begin PBXResourcesBuildPhase section */
		87D3D7DF2B9FFF2D008510DB /* Resources */ = {
			isa = PBXResourcesBuildPhase;
			buildActionMask = 2147483647;
			files = (
				87D3D7F12B9FFF2F008510DB /* Assets.xcassets in Resources */,
				87D3D7F42B9FFF2F008510DB /* Base in Resources */,
				87D3D7EC2B9FFF2D008510DB /* Base in Resources */,
			);
			runOnlyForDeploymentPostprocessing = 0;
		};
		87D3D7F82B9FFF2F008510DB /* Resources */ = {
			isa = PBXResourcesBuildPhase;
			buildActionMask = 2147483647;
			files = (
			);
			runOnlyForDeploymentPostprocessing = 0;
		};
		87D3D8022B9FFF2F008510DB /* Resources */ = {
			isa = PBXResourcesBuildPhase;
			buildActionMask = 2147483647;
			files = (
			);
			runOnlyForDeploymentPostprocessing = 0;
		};
/* End PBXResourcesBuildPhase section */

/* Begin PBXSourcesBuildPhase section */
		87D3D7DD2B9FFF2D008510DB /* Sources */ = {
			isa = PBXSourcesBuildPhase;
			buildActionMask = 2147483647;
			files = (
				87D3D7E92B9FFF2D008510DB /* ViewController.swift in Sources */,
				87D3D7E52B9FFF2D008510DB /* AppDelegate.swift in Sources */,
				87D3D7EF2B9FFF2D008510DB /* KeyChainDemo.xcdatamodeld in Sources */,
				87D3D7E72B9FFF2D008510DB /* SceneDelegate.swift in Sources */,
			);
			runOnlyForDeploymentPostprocessing = 0;
		};
		87D3D7F62B9FFF2F008510DB /* Sources */ = {
			isa = PBXSourcesBuildPhase;
			buildActionMask = 2147483647;
			files = (
				87D3D7FF2B9FFF2F008510DB /* KeyChainDemoTests.swift in Sources */,
			);
			runOnlyForDeploymentPostprocessing = 0;
		};
		87D3D8002B9FFF2F008510DB /* Sources */ = {
			isa = PBXSourcesBuildPhase;
			buildActionMask = 2147483647;
			files = (
				87D3D8092B9FFF2F008510DB /* KeyChainDemoUITests.swift in Sources */,
				87D3D80B2B9FFF2F008510DB /* KeyChainDemoUITestsLaunchTests.swift in Sources */,
			);
			runOnlyForDeploymentPostprocessing = 0;
		};
/* End PBXSourcesBuildPhase section */

/* Begin PBXTargetDependency section */
		87D3D7FC2B9FFF2F008510DB /* PBXTargetDependency */ = {
			isa = PBXTargetDependency;
			target = 87D3D7E02B9FFF2D008510DB /* KeyChainDemo */;
			targetProxy = 87D3D7FB2B9FFF2F008510DB /* PBXContainerItemProxy */;
		};
		87D3D8062B9FFF2F008510DB /* PBXTargetDependency */ = {
			isa = PBXTargetDependency;
			target = 87D3D7E02B9FFF2D008510DB /* KeyChainDemo */;
			targetProxy = 87D3D8052B9FFF2F008510DB /* PBXContainerItemProxy */;
		};
/* End PBXTargetDependency section */

/* Begin PBXVariantGroup section */
		87D3D7EA2B9FFF2D008510DB /* Main.storyboard */ = {
			isa = PBXVariantGroup;
			children = (
				87D3D7EB2B9FFF2D008510DB /* Base */,
			);
			name = Main.storyboard;
			sourceTree = "<group>";
		};
		87D3D7F22B9FFF2F008510DB /* LaunchScreen.storyboard */ = {
			isa = PBXVariantGroup;
			children = (
				87D3D7F32B9FFF2F008510DB /* Base */,
			);
			name = LaunchScreen.storyboard;
			sourceTree = "<group>";
		};
/* End PBXVariantGroup section */

/* Begin XCBuildConfiguration section */
		87D3D80C2B9FFF2F008510DB /* Debug */ = {
			isa = XCBuildConfiguration;
			buildSettings = {
				ALWAYS_SEARCH_USER_PATHS = NO;
				ASSETCATALOG_COMPILER_GENERATE_SWIFT_ASSET_SYMBOL_EXTENSIONS = YES;
				CLANG_ANALYZER_NONNULL = YES;
				CLANG_ANALYZER_NUMBER_OBJECT_CONVERSION = YES_AGGRESSIVE;
				CLANG_CXX_LANGUAGE_STANDARD = "gnu++20";
				CLANG_ENABLE_MODULES = YES;
				CLANG_ENABLE_OBJC_ARC = YES;
				CLANG_ENABLE_OBJC_WEAK = YES;
				CLANG_WARN_BLOCK_CAPTURE_AUTORELEASING = YES;
				CLANG_WARN_BOOL_CONVERSION = YES;
				CLANG_WARN_COMMA = YES;
				CLANG_WARN_CONSTANT_CONVERSION = YES;
				CLANG_WARN_DEPRECATED_OBJC_IMPLEMENTATIONS = YES;
				CLANG_WARN_DIRECT_OBJC_ISA_USAGE = YES_ERROR;
				CLANG_WARN_DOCUMENTATION_COMMENTS = YES;
				CLANG_WARN_EMPTY_BODY = YES;
				CLANG_WARN_ENUM_CONVERSION = YES;
				CLANG_WARN_INFINITE_RECURSION = YES;
				CLANG_WARN_INT_CONVERSION = YES;
				CLANG_WARN_NON_LITERAL_NULL_CONVERSION = YES;
				CLANG_WARN_OBJC_IMPLICIT_RETAIN_SELF = YES;
				CLANG_WARN_OBJC_LITERAL_CONVERSION = YES;
				CLANG_WARN_OBJC_ROOT_CLASS = YES_ERROR;
				CLANG_WARN_QUOTED_INCLUDE_IN_FRAMEWORK_HEADER = YES;
				CLANG_WARN_RANGE_LOOP_ANALYSIS = YES;
				CLANG_WARN_STRICT_PROTOTYPES = YES;
				CLANG_WARN_SUSPICIOUS_MOVE = YES;
				CLANG_WARN_UNGUARDED_AVAILABILITY = YES_AGGRESSIVE;
				CLANG_WARN_UNREACHABLE_CODE = YES;
				CLANG_WARN__DUPLICATE_METHOD_MATCH = YES;
				COPY_PHASE_STRIP = NO;
				DEBUG_INFORMATION_FORMAT = dwarf;
				ENABLE_STRICT_OBJC_MSGSEND = YES;
				ENABLE_TESTABILITY = YES;
				ENABLE_USER_SCRIPT_SANDBOXING = YES;
				GCC_C_LANGUAGE_STANDARD = gnu17;
				GCC_DYNAMIC_NO_PIC = NO;
				GCC_NO_COMMON_BLOCKS = YES;
				GCC_OPTIMIZATION_LEVEL = 0;
				GCC_PREPROCESSOR_DEFINITIONS = (
					"DEBUG=1",
					"$(inherited)",
				);
				GCC_WARN_64_TO_32_BIT_CONVERSION = YES;
				GCC_WARN_ABOUT_RETURN_TYPE = YES_ERROR;
				GCC_WARN_UNDECLARED_SELECTOR = YES;
				GCC_WARN_UNINITIALIZED_AUTOS = YES_AGGRESSIVE;
				GCC_WARN_UNUSED_FUNCTION = YES;
				GCC_WARN_UNUSED_VARIABLE = YES;
				IPHONEOS_DEPLOYMENT_TARGET = 17.4;
				LOCALIZATION_PREFERS_STRING_CATALOGS = YES;
				MTL_ENABLE_DEBUG_INFO = INCLUDE_SOURCE;
				MTL_FAST_MATH = YES;
				ONLY_ACTIVE_ARCH = YES;
				SDKROOT = iphoneos;
				SWIFT_ACTIVE_COMPILATION_CONDITIONS = "DEBUG $(inherited)";
				SWIFT_OPTIMIZATION_LEVEL = "-Onone";
			};
			name = Debug;
		};
		87D3D80D2B9FFF2F008510DB /* Release */ = {
			isa = XCBuildConfiguration;
			buildSettings = {
				ALWAYS_SEARCH_USER_PATHS = NO;
				ASSETCATALOG_COMPILER_GENERATE_SWIFT_ASSET_SYMBOL_EXTENSIONS = YES;
				CLANG_ANALYZER_NONNULL = YES;
				CLANG_ANALYZER_NUMBER_OBJECT_CONVERSION = YES_AGGRESSIVE;
				CLANG_CXX_LANGUAGE_STANDARD = "gnu++20";
				CLANG_ENABLE_MODULES = YES;
				CLANG_ENABLE_OBJC_ARC = YES;
				CLANG_ENABLE_OBJC_WEAK = YES;
				CLANG_WARN_BLOCK_CAPTURE_AUTORELEASING = YES;
				CLANG_WARN_BOOL_CONVERSION = YES;
				CLANG_WARN_COMMA = YES;
				CLANG_WARN_CONSTANT_CONVERSION = YES;
				CLANG_WARN_DEPRECATED_OBJC_IMPLEMENTATIONS = YES;
				CLANG_WARN_DIRECT_OBJC_ISA_USAGE = YES_ERROR;
				CLANG_WARN_DOCUMENTATION_COMMENTS = YES;
				CLANG_WARN_EMPTY_BODY = YES;
				CLANG_WARN_ENUM_CONVERSION = YES;
				CLANG_WARN_INFINITE_RECURSION = YES;
				CLANG_WARN_INT_CONVERSION = YES;
				CLANG_WARN_NON_LITERAL_NULL_CONVERSION = YES;
				CLANG_WARN_OBJC_IMPLICIT_RETAIN_SELF = YES;
				CLANG_WARN_OBJC_LITERAL_CONVERSION = YES;
				CLANG_WARN_OBJC_ROOT_CLASS = YES_ERROR;
				CLANG_WARN_QUOTED_INCLUDE_IN_FRAMEWORK_HEADER = YES;
				CLANG_WARN_RANGE_LOOP_ANALYSIS = YES;
				CLANG_WARN_STRICT_PROTOTYPES = YES;
				CLANG_WARN_SUSPICIOUS_MOVE = YES;
				CLANG_WARN_UNGUARDED_AVAILABILITY = YES_AGGRESSIVE;
				CLANG_WARN_UNREACHABLE_CODE = YES;
				CLANG_WARN__DUPLICATE_METHOD_MATCH = YES;
				COPY_PHASE_STRIP = NO;
				DEBUG_INFORMATION_FORMAT = "dwarf-with-dsym";
				ENABLE_NS_ASSERTIONS = NO;
				ENABLE_STRICT_OBJC_MSGSEND = YES;
				ENABLE_USER_SCRIPT_SANDBOXING = YES;
				GCC_C_LANGUAGE_STANDARD = gnu17;
				GCC_NO_COMMON_BLOCKS = YES;
				GCC_WARN_64_TO_32_BIT_CONVERSION = YES;
				GCC_WARN_ABOUT_RETURN_TYPE = YES_ERROR;
				GCC_WARN_UNDECLARED_SELECTOR = YES;
				GCC_WARN_UNINITIALIZED_AUTOS = YES_AGGRESSIVE;
				GCC_WARN_UNUSED_FUNCTION = YES;
				GCC_WARN_UNUSED_VARIABLE = YES;
				IPHONEOS_DEPLOYMENT_TARGET = 17.4;
				LOCALIZATION_PREFERS_STRING_CATALOGS = YES;
				MTL_ENABLE_DEBUG_INFO = NO;
				MTL_FAST_MATH = YES;
				SDKROOT = iphoneos;
				SWIFT_COMPILATION_MODE = wholemodule;
				VALIDATE_PRODUCT = YES;
			};
			name = Release;
		};
		87D3D80F2B9FFF2F008510DB /* Debug */ = {
			isa = XCBuildConfiguration;
			buildSettings = {
				ASSETCATALOG_COMPILER_APPICON_NAME = AppIcon;
				ASSETCATALOG_COMPILER_GLOBAL_ACCENT_COLOR_NAME = AccentColor;
				CODE_SIGN_STYLE = Automatic;
				CURRENT_PROJECT_VERSION = 1;
				DEVELOPMENT_TEAM = 2FX323KNBX;
				GENERATE_INFOPLIST_FILE = YES;
				INFOPLIST_FILE = KeyChainDemo/Info.plist;
				INFOPLIST_KEY_UIApplicationSupportsIndirectInputEvents = YES;
				INFOPLIST_KEY_UILaunchStoryboardName = LaunchScreen;
				INFOPLIST_KEY_UIMainStoryboardFile = Main;
				INFOPLIST_KEY_UISupportedInterfaceOrientations_iPad = "UIInterfaceOrientationPortrait UIInterfaceOrientationPortraitUpsideDown UIInterfaceOrientationLandscapeLeft UIInterfaceOrientationLandscapeRight";
				INFOPLIST_KEY_UISupportedInterfaceOrientations_iPhone = "UIInterfaceOrientationPortrait UIInterfaceOrientationLandscapeLeft UIInterfaceOrientationLandscapeRight";
				LD_RUNPATH_SEARCH_PATHS = (
					"$(inherited)",
					"@executable_path/Frameworks",
				);
				MARKETING_VERSION = 1.0;
				PRODUCT_BUNDLE_IDENTIFIER = com.appchannel.KeyChainDemo;
				PRODUCT_NAME = "$(TARGET_NAME)";
				SWIFT_EMIT_LOC_STRINGS = YES;
				SWIFT_VERSION = 5.0;
				TARGETED_DEVICE_FAMILY = "1,2";
			};
			name = Debug;
		};
		87D3D8102B9FFF2F008510DB /* Release */ = {
			isa = XCBuildConfiguration;
			buildSettings = {
				ASSETCATALOG_COMPILER_APPICON_NAME = AppIcon;
				ASSETCATALOG_COMPILER_GLOBAL_ACCENT_COLOR_NAME = AccentColor;
				CODE_SIGN_STYLE = Automatic;
				CURRENT_PROJECT_VERSION = 1;
				DEVELOPMENT_TEAM = 2FX323KNBX;
				GENERATE_INFOPLIST_FILE = YES;
				INFOPLIST_FILE = KeyChainDemo/Info.plist;
				INFOPLIST_KEY_UIApplicationSupportsIndirectInputEvents = YES;
				INFOPLIST_KEY_UILaunchStoryboardName = LaunchScreen;
				INFOPLIST_KEY_UIMainStoryboardFile = Main;
				INFOPLIST_KEY_UISupportedInterfaceOrientations_iPad = "UIInterfaceOrientationPortrait UIInterfaceOrientationPortraitUpsideDown UIInterfaceOrientationLandscapeLeft UIInterfaceOrientationLandscapeRight";
				INFOPLIST_KEY_UISupportedInterfaceOrientations_iPhone = "UIInterfaceOrientationPortrait UIInterfaceOrientationLandscapeLeft UIInterfaceOrientationLandscapeRight";
				LD_RUNPATH_SEARCH_PATHS = (
					"$(inherited)",
					"@executable_path/Frameworks",
				);
				MARKETING_VERSION = 1.0;
				PRODUCT_BUNDLE_IDENTIFIER = com.appchannel.KeyChainDemo;
				PRODUCT_NAME = "$(TARGET_NAME)";
				SWIFT_EMIT_LOC_STRINGS = YES;
				SWIFT_VERSION = 5.0;
				TARGETED_DEVICE_FAMILY = "1,2";
			};
			name = Release;
		};
		87D3D8122B9FFF2F008510DB /* Debug */ = {
			isa = XCBuildConfiguration;
			buildSettings = {
				ALWAYS_EMBED_SWIFT_STANDARD_LIBRARIES = YES;
				BUNDLE_LOADER = "$(TEST_HOST)";
				CODE_SIGN_STYLE = Automatic;
				CURRENT_PROJECT_VERSION = 1;
				DEVELOPMENT_TEAM = 2FX323KNBX;
				GENERATE_INFOPLIST_FILE = YES;
				IPHONEOS_DEPLOYMENT_TARGET = 17.4;
				MARKETING_VERSION = 1.0;
				PRODUCT_BUNDLE_IDENTIFIER = com.appchannel.KeyChainDemoTests;
				PRODUCT_NAME = "$(TARGET_NAME)";
				SWIFT_EMIT_LOC_STRINGS = NO;
				SWIFT_VERSION = 5.0;
				TARGETED_DEVICE_FAMILY = "1,2";
				TEST_HOST = "$(BUILT_PRODUCTS_DIR)/KeyChainDemo.app/$(BUNDLE_EXECUTABLE_FOLDER_PATH)/KeyChainDemo";
			};
			name = Debug;
		};
		87D3D8132B9FFF2F008510DB /* Release */ = {
			isa = XCBuildConfiguration;
			buildSettings = {
				ALWAYS_EMBED_SWIFT_STANDARD_LIBRARIES = YES;
				BUNDLE_LOADER = "$(TEST_HOST)";
				CODE_SIGN_STYLE = Automatic;
				CURRENT_PROJECT_VERSION = 1;
				DEVELOPMENT_TEAM = 2FX323KNBX;
				GENERATE_INFOPLIST_FILE = YES;
				IPHONEOS_DEPLOYMENT_TARGET = 17.4;
				MARKETING_VERSION = 1.0;
				PRODUCT_BUNDLE_IDENTIFIER = com.appchannel.KeyChainDemoTests;
				PRODUCT_NAME = "$(TARGET_NAME)";
				SWIFT_EMIT_LOC_STRINGS = NO;
				SWIFT_VERSION = 5.0;
				TARGETED_DEVICE_FAMILY = "1,2";
				TEST_HOST = "$(BUILT_PRODUCTS_DIR)/KeyChainDemo.app/$(BUNDLE_EXECUTABLE_FOLDER_PATH)/KeyChainDemo";
			};
			name = Release;
		};
		87D3D8152B9FFF2F008510DB /* Debug */ = {
			isa = XCBuildConfiguration;
			buildSettings = {
				ALWAYS_EMBED_SWIFT_STANDARD_LIBRARIES = YES;
				CODE_SIGN_STYLE = Automatic;
				CURRENT_PROJECT_VERSION = 1;
				DEVELOPMENT_TEAM = 2FX323KNBX;
				GENERATE_INFOPLIST_FILE = YES;
				MARKETING_VERSION = 1.0;
				PRODUCT_BUNDLE_IDENTIFIER = com.appchannel.KeyChainDemoUITests;
				PRODUCT_NAME = "$(TARGET_NAME)";
				SWIFT_EMIT_LOC_STRINGS = NO;
				SWIFT_VERSION = 5.0;
				TARGETED_DEVICE_FAMILY = "1,2";
				TEST_TARGET_NAME = KeyChainDemo;
			};
			name = Debug;
		};
		87D3D8162B9FFF2F008510DB /* Release */ = {
			isa = XCBuildConfiguration;
			buildSettings = {
				ALWAYS_EMBED_SWIFT_STANDARD_LIBRARIES = YES;
				CODE_SIGN_STYLE = Automatic;
				CURRENT_PROJECT_VERSION = 1;
				DEVELOPMENT_TEAM = 2FX323KNBX;
				GENERATE_INFOPLIST_FILE = YES;
				MARKETING_VERSION = 1.0;
				PRODUCT_BUNDLE_IDENTIFIER = com.appchannel.KeyChainDemoUITests;
				PRODUCT_NAME = "$(TARGET_NAME)";
				SWIFT_EMIT_LOC_STRINGS = NO;
				SWIFT_VERSION = 5.0;
				TARGETED_DEVICE_FAMILY = "1,2";
				TEST_TARGET_NAME = KeyChainDemo;
			};
			name = Release;
		};
/* End XCBuildConfiguration section */

/* Begin XCConfigurationList section */
		87D3D7DC2B9FFF2D008510DB /* Build configuration list for PBXProject "KeyChainDemo" */ = {
			isa = XCConfigurationList;
			buildConfigurations = (
				87D3D80C2B9FFF2F008510DB /* Debug */,
				87D3D80D2B9FFF2F008510DB /* Release */,
			);
			defaultConfigurationIsVisible = 0;
			defaultConfigurationName = Release;
		};
		87D3D80E2B9FFF2F008510DB /* Build configuration list for PBXNativeTarget "KeyChainDemo" */ = {
			isa = XCConfigurationList;
			buildConfigurations = (
				87D3D80F2B9FFF2F008510DB /* Debug */,
				87D3D8102B9FFF2F008510DB /* Release */,
			);
			defaultConfigurationIsVisible = 0;
			defaultConfigurationName = Release;
		};
		87D3D8112B9FFF2F008510DB /* Build configuration list for PBXNativeTarget "KeyChainDemoTests" */ = {
			isa = XCConfigurationList;
			buildConfigurations = (
				87D3D8122B9FFF2F008510DB /* Debug */,
				87D3D8132B9FFF2F008510DB /* Release */,
			);
			defaultConfigurationIsVisible = 0;
			defaultConfigurationName = Release;
		};
		87D3D8142B9FFF2F008510DB /* Build configuration list for PBXNativeTarget "KeyChainDemoUITests" */ = {
			isa = XCConfigurationList;
			buildConfigurations = (
				87D3D8152B9FFF2F008510DB /* Debug */,
				87D3D8162B9FFF2F008510DB /* Release */,
			);
			defaultConfigurationIsVisible = 0;
			defaultConfigurationName = Release;
		};
/* End XCConfigurationList section */

/* Begin XCVersionGroup section */
		87D3D7ED2B9FFF2D008510DB /* KeyChainDemo.xcdatamodeld */ = {
			isa = XCVersionGroup;
			children = (
				87D3D7EE2B9FFF2D008510DB /* KeyChainDemo.xcdatamodel */,
			);
			currentVersion = 87D3D7EE2B9FFF2D008510DB /* KeyChainDemo.xcdatamodel */;
			path = KeyChainDemo.xcdatamodeld;
			sourceTree = "<group>";
			versionGroupType = wrapper.xcdatamodel;
		};
/* End XCVersionGroup section */
	};
	rootObject = 87D3D7D92B9FFF2D008510DB /* Project object */;
}
